
Microsoft Visual Studio Solution File, Format Version 12.00
# Visual Studio Version 17
VisualStudioVersion = 17.14.36327.8
MinimumVisualStudioVersion = 10.0.40219.1
Project("{FAE04EC0-301F-11D3-BF4B-00C04F79EFBC}") = "G2Data.Collections", "G2Data.Collections\G2Data.Collections.csproj", "{70AE6A3C-EBAD-4C7B-9C6A-7A404F72D0DB}"
EndProject
Project("{FAE04EC0-301F-11D3-BF4B-00C04F79EFBC}") = "G2Data.Collections.Json", "G2Data.Collections.Json\G2Data.Collections.Json.csproj", "{17F4FFAA-BE10-4DDD-B650-C43D01DD61AB}"
EndProject
Project("{FAE04EC0-301F-11D3-BF4B-00C04F79EFBC}") = "G2Data.Collections.Bson", "G2Data.Collections.Bson\G2Data.Collections.Bson.csproj", "{A4FF8F39-6117-41F3-8650-44E503AD3E7A}"
EndProject
Global
	GlobalSection(SolutionConfigurationPlatforms) = preSolution
		Debug|Any CPU = Debug|Any CPU
		Release|Any CPU = Release|Any CPU
	EndGlobalSection
	GlobalSection(ProjectConfigurationPlatforms) = postSolution
		{70AE6A3C-EBAD-4C7B-9C6A-7A404F72D0DB}.Debug|Any CPU.ActiveCfg = Debug|Any CPU
		{70AE6A3C-EBAD-4C7B-9C6A-7A404F72D0DB}.Debug|Any CPU.Build.0 = Debug|Any CPU
		{70AE6A3C-EBAD-4C7B-9C6A-7A404F72D0DB}.Release|Any CPU.ActiveCfg = Release|Any CPU
		{70AE6A3C-EBAD-4C7B-9C6A-7A404F72D0DB}.Release|Any CPU.Build.0 = Release|Any CPU
		{17F4FFAA-BE10-4DDD-B650-C43D01DD61AB}.Debug|Any CPU.ActiveCfg = Debug|Any CPU
		{17F4FFAA-BE10-4DDD-B650-C43D01DD61AB}.Debug|Any CPU.Build.0 = Debug|Any CPU
		{17F4FFAA-BE10-4DDD-B650-C43D01DD61AB}.Release|Any CPU.ActiveCfg = Release|Any CPU
		{17F4FFAA-BE10-4DDD-B650-C43D01DD61AB}.Release|Any CPU.Build.0 = Release|Any CPU
		{A4FF8F39-6117-41F3-8650-44E503AD3E7A}.Debug|Any CPU.ActiveCfg = Debug|Any CPU
		{A4FF8F39-6117-41F3-8650-44E503AD3E7A}.Debug|Any CPU.Build.0 = Debug|Any CPU
		{A4FF8F39-6117-41F3-8650-44E503AD3E7A}.Release|Any CPU.ActiveCfg = Release|Any CPU
		{A4FF8F39-6117-41F3-8650-44E503AD3E7A}.Release|Any CPU.Build.0 = Release|Any CPU
	EndGlobalSection
	GlobalSection(SolutionProperties) = preSolution
		HideSolutionNode = FALSE
	EndGlobalSection
	GlobalSection(ExtensibilityGlobals) = postSolution
		SolutionGuid = {6C958B48-5FD5-454C-A4C9-8BC801D39183}
	EndGlobalSection
EndGlobal
